
Microsoft Visual Studio Solution File, Format Version 12.00
# Visual Studio 15
VisualStudioVersion = 15.0.28307.438
MinimumVisualStudioVersion = 10.0.40219.1
Project("{FAE04EC0-301F-11D3-BF4B-00C04F79EFBC}") = "LineApi", "LineApi\LineApi.csproj", "{266977A9-EF73-4DF5-9FF4-81E6B820959F}"
EndProject
Global
	GlobalSection(SolutionConfigurationPlatforms) = preSolution
		Debug|Any CPU = Debug|Any CPU
		Release|Any CPU = Release|Any CPU
	EndGlobalSection
	GlobalSection(ProjectConfigurationPlatforms) = postSolution
		{266977A9-EF73-4DF5-9FF4-81E6B820959F}.Debug|Any CPU.ActiveCfg = Debug|Any CPU
		{266977A9-EF73-4DF5-9FF4-81E6B820959F}.Debug|Any CPU.Build.0 = Debug|Any CPU
		{266977A9-EF73-4DF5-9FF4-81E6B820959F}.Release|Any CPU.ActiveCfg = Release|Any CPU
		{266977A9-EF73-4DF5-9FF4-81E6B820959F}.Release|Any CPU.Build.0 = Release|Any CPU
	EndGlobalSection
	GlobalSection(SolutionProperties) = preSolution
		HideSolutionNode = FALSE
	EndGlobalSection
	GlobalSection(ExtensibilityGlobals) = postSolution
		SolutionGuid = {41DD82F2-F082-42F2-BB50-585FE924908E}
	EndGlobalSection
EndGlobal
